
Microsoft Visual Studio Solution File, Format Version 12.00
# Visual Studio 15
VisualStudioVersion = 15.0.27703.2035
MinimumVisualStudioVersion = 10.0.40219.1
Project("{FAE04EC0-301F-11D3-BF4B-00C04F79EFBC}") = "xamarin-playground.Android", "xamarin-playground\xamarin-playground.Android\xamarin-playground.Android.csproj", "{945ECB19-BB76-4C09-A043-D4DC059401E1}"
EndProject
Project("{FAE04EC0-301F-11D3-BF4B-00C04F79EFBC}") = "xamarin-playground.iOS", "xamarin-playground\xamarin-playground.iOS\xamarin-playground.iOS.csproj", "{944ACBD1-86D1-47BC-AE47-CC2DFCD27F04}"
EndProject
Project("{9A19103F-16F7-4668-BE54-9A1E7A4F7556}") = "xamarin-playground", "xamarin-playground\xamarin-playground\xamarin-playground.csproj", "{A59BBF94-6093-4C1E-878D-1BD7E8246124}"
EndProject
Project("{9A19103F-16F7-4668-BE54-9A1E7A4F7556}") = "xamarin-mvvm", "xamarin-mvvm\xamarin-mvvm.csproj", "{D8E0C638-EC4D-4840-9192-A5ED38ECAFC5}"
EndProject
Project("{FAE04EC0-301F-11D3-BF4B-00C04F79EFBC}") = "xamarin-playground.Communication", "xamarin-playground.Communication\xamarin-playground.Communication.csproj", "{E2F6609E-F08C-48DA-B3B2-D84D6E1F096B}"
EndProject
Global
	GlobalSection(SolutionConfigurationPlatforms) = preSolution
		Ad-Hoc|Any CPU = Ad-Hoc|Any CPU
		Ad-Hoc|iPhone = Ad-Hoc|iPhone
		Ad-Hoc|iPhoneSimulator = Ad-Hoc|iPhoneSimulator
		AppStore|Any CPU = AppStore|Any CPU
		AppStore|iPhone = AppStore|iPhone
		AppStore|iPhoneSimulator = AppStore|iPhoneSimulator
		Debug|Any CPU = Debug|Any CPU
		Debug|iPhone = Debug|iPhone
		Debug|iPhoneSimulator = Debug|iPhoneSimulator
		Release|Any CPU = Release|Any CPU
		Release|iPhone = Release|iPhone
		Release|iPhoneSimulator = Release|iPhoneSimulator
	EndGlobalSection
	GlobalSection(ProjectConfigurationPlatforms) = postSolution
		{945ECB19-BB76-4C09-A043-D4DC059401E1}.Ad-Hoc|Any CPU.ActiveCfg = Release|Any CPU
		{945ECB19-BB76-4C09-A043-D4DC059401E1}.Ad-Hoc|Any CPU.Build.0 = Release|Any CPU
		{945ECB19-BB76-4C09-A043-D4DC059401E1}.Ad-Hoc|Any CPU.Deploy.0 = Release|Any CPU
		{945ECB19-BB76-4C09-A043-D4DC059401E1}.Ad-Hoc|iPhone.ActiveCfg = Release|Any CPU
		{945ECB19-BB76-4C09-A043-D4DC059401E1}.Ad-Hoc|iPhone.Build.0 = Release|Any CPU
		{945ECB19-BB76-4C09-A043-D4DC059401E1}.Ad-Hoc|iPhone.Deploy.0 = Release|Any CPU
		{945ECB19-BB76-4C09-A043-D4DC059401E1}.Ad-Hoc|iPhoneSimulator.ActiveCfg = Release|Any CPU
		{945ECB19-BB76-4C09-A043-D4DC059401E1}.Ad-Hoc|iPhoneSimulator.Build.0 = Release|Any CPU
		{945ECB19-BB76-4C09-A043-D4DC059401E1}.Ad-Hoc|iPhoneSimulator.Deploy.0 = Release|Any CPU
		{945ECB19-BB76-4C09-A043-D4DC059401E1}.AppStore|Any CPU.ActiveCfg = Release|Any CPU
		{945ECB19-BB76-4C09-A043-D4DC059401E1}.AppStore|Any CPU.Build.0 = Release|Any CPU
		{945ECB19-BB76-4C09-A043-D4DC059401E1}.AppStore|Any CPU.Deploy.0 = Release|Any CPU
		{945ECB19-BB76-4C09-A043-D4DC059401E1}.AppStore|iPhone.ActiveCfg = Release|Any CPU
		{945ECB19-BB76-4C09-A043-D4DC059401E1}.AppStore|iPhone.Build.0 = Release|Any CPU
		{945ECB19-BB76-4C09-A043-D4DC059401E1}.AppStore|iPhone.Deploy.0 = Release|Any CPU
		{945ECB19-BB76-4C09-A043-D4DC059401E1}.AppStore|iPhoneSimulator.ActiveCfg = Release|Any CPU
		{945ECB19-BB76-4C09-A043-D4DC059401E1}.AppStore|iPhoneSimulator.Build.0 = Release|Any CPU
		{945ECB19-BB76-4C09-A043-D4DC059401E1}.AppStore|iPhoneSimulator.Deploy.0 = Release|Any CPU
		{945ECB19-BB76-4C09-A043-D4DC059401E1}.Debug|Any CPU.ActiveCfg = Debug|Any CPU
		{945ECB19-BB76-4C09-A043-D4DC059401E1}.Debug|Any CPU.Build.0 = Debug|Any CPU
		{945ECB19-BB76-4C09-A043-D4DC059401E1}.Debug|Any CPU.Deploy.0 = Debug|Any CPU
		{945ECB19-BB76-4C09-A043-D4DC059401E1}.Debug|iPhone.ActiveCfg = Debug|Any CPU
		{945ECB19-BB76-4C09-A043-D4DC059401E1}.Debug|iPhone.Build.0 = Debug|Any CPU
		{945ECB19-BB76-4C09-A043-D4DC059401E1}.Debug|iPhone.Deploy.0 = Debug|Any CPU
		{945ECB19-BB76-4C09-A043-D4DC059401E1}.Debug|iPhoneSimulator.ActiveCfg = Debug|Any CPU
		{945ECB19-BB76-4C09-A043-D4DC059401E1}.Debug|iPhoneSimulator.Build.0 = Debug|Any CPU
		{945ECB19-BB76-4C09-A043-D4DC059401E1}.Debug|iPhoneSimulator.Deploy.0 = Debug|Any CPU
		{945ECB19-BB76-4C09-A043-D4DC059401E1}.Release|Any CPU.ActiveCfg = Release|Any CPU
		{945ECB19-BB76-4C09-A043-D4DC059401E1}.Release|Any CPU.Build.0 = Release|Any CPU
		{945ECB19-BB76-4C09-A043-D4DC059401E1}.Release|Any CPU.Deploy.0 = Release|Any CPU
		{945ECB19-BB76-4C09-A043-D4DC059401E1}.Release|iPhone.ActiveCfg = Release|Any CPU
		{945ECB19-BB76-4C09-A043-D4DC059401E1}.Release|iPhone.Build.0 = Release|Any CPU
		{945ECB19-BB76-4C09-A043-D4DC059401E1}.Release|iPhone.Deploy.0 = Release|Any CPU
		{945ECB19-BB76-4C09-A043-D4DC059401E1}.Release|iPhoneSimulator.ActiveCfg = Release|Any CPU
		{945ECB19-BB76-4C09-A043-D4DC059401E1}.Release|iPhoneSimulator.Build.0 = Release|Any CPU
		{945ECB19-BB76-4C09-A043-D4DC059401E1}.Release|iPhoneSimulator.Deploy.0 = Release|Any CPU
		{944ACBD1-86D1-47BC-AE47-CC2DFCD27F04}.Ad-Hoc|Any CPU.ActiveCfg = Ad-Hoc|iPhone
		{944ACBD1-86D1-47BC-AE47-CC2DFCD27F04}.Ad-Hoc|Any CPU.Build.0 = Ad-Hoc|iPhone
		{944ACBD1-86D1-47BC-AE47-CC2DFCD27F04}.Ad-Hoc|Any CPU.Deploy.0 = Ad-Hoc|iPhone
		{944ACBD1-86D1-47BC-AE47-CC2DFCD27F04}.Ad-Hoc|iPhone.ActiveCfg = Ad-Hoc|iPhone
		{944ACBD1-86D1-47BC-AE47-CC2DFCD27F04}.Ad-Hoc|iPhone.Build.0 = Ad-Hoc|iPhone
		{944ACBD1-86D1-47BC-AE47-CC2DFCD27F04}.Ad-Hoc|iPhone.Deploy.0 = Ad-Hoc|iPhone
		{944ACBD1-86D1-47BC-AE47-CC2DFCD27F04}.Ad-Hoc|iPhoneSimulator.ActiveCfg = Ad-Hoc|iPhoneSimulator
		{944ACBD1-86D1-47BC-AE47-CC2DFCD27F04}.Ad-Hoc|iPhoneSimulator.Build.0 = Ad-Hoc|iPhoneSimulator
		{944ACBD1-86D1-47BC-AE47-CC2DFCD27F04}.Ad-Hoc|iPhoneSimulator.Deploy.0 = Ad-Hoc|iPhoneSimulator
		{944ACBD1-86D1-47BC-AE47-CC2DFCD27F04}.AppStore|Any CPU.ActiveCfg = AppStore|iPhone
		{944ACBD1-86D1-47BC-AE47-CC2DFCD27F04}.AppStore|Any CPU.Build.0 = AppStore|iPhone
		{944ACBD1-86D1-47BC-AE47-CC2DFCD27F04}.AppStore|Any CPU.Deploy.0 = AppStore|iPhone
		{944ACBD1-86D1-47BC-AE47-CC2DFCD27F04}.AppStore|iPhone.ActiveCfg = AppStore|iPhone
		{944ACBD1-86D1-47BC-AE47-CC2DFCD27F04}.AppStore|iPhone.Build.0 = AppStore|iPhone
		{944ACBD1-86D1-47BC-AE47-CC2DFCD27F04}.AppStore|iPhone.Deploy.0 = AppStore|iPhone
		{944ACBD1-86D1-47BC-AE47-CC2DFCD27F04}.AppStore|iPhoneSimulator.ActiveCfg = AppStore|iPhoneSimulator
		{944ACBD1-86D1-47BC-AE47-CC2DFCD27F04}.AppStore|iPhoneSimulator.Build.0 = AppStore|iPhoneSimulator
		{944ACBD1-86D1-47BC-AE47-CC2DFCD27F04}.AppStore|iPhoneSimulator.Deploy.0 = AppStore|iPhoneSimulator
		{944ACBD1-86D1-47BC-AE47-CC2DFCD27F04}.Debug|Any CPU.ActiveCfg = Debug|iPhoneSimulator
		{944ACBD1-86D1-47BC-AE47-CC2DFCD27F04}.Debug|Any CPU.Build.0 = Debug|iPhoneSimulator
		{944ACBD1-86D1-47BC-AE47-CC2DFCD27F04}.Debug|Any CPU.Deploy.0 = Debug|iPhoneSimulator
		{944ACBD1-86D1-47BC-AE47-CC2DFCD27F04}.Debug|iPhone.ActiveCfg = Debug|iPhone
		{944ACBD1-86D1-47BC-AE47-CC2DFCD27F04}.Debug|iPhone.Build.0 = Debug|iPhone
		{944ACBD1-86D1-47BC-AE47-CC2DFCD27F04}.Debug|iPhone.Deploy.0 = Debug|iPhone
		{944ACBD1-86D1-47BC-AE47-CC2DFCD27F04}.Debug|iPhoneSimulator.ActiveCfg = Debug|iPhoneSimulator
		{944ACBD1-86D1-47BC-AE47-CC2DFCD27F04}.Debug|iPhoneSimulator.Build.0 = Debug|iPhoneSimulator
		{944ACBD1-86D1-47BC-AE47-CC2DFCD27F04}.Debug|iPhoneSimulator.Deploy.0 = Debug|iPhoneSimulator
		{944ACBD1-86D1-47BC-AE47-CC2DFCD27F04}.Release|Any CPU.ActiveCfg = Release|iPhone
		{944ACBD1-86D1-47BC-AE47-CC2DFCD27F04}.Release|Any CPU.Build.0 = Release|iPhone
		{944ACBD1-86D1-47BC-AE47-CC2DFCD27F04}.Release|Any CPU.Deploy.0 = Release|iPhone
		{944ACBD1-86D1-47BC-AE47-CC2DFCD27F04}.Release|iPhone.ActiveCfg = Release|iPhone
		{944ACBD1-86D1-47BC-AE47-CC2DFCD27F04}.Release|iPhone.Build.0 = Release|iPhone
		{944ACBD1-86D1-47BC-AE47-CC2DFCD27F04}.Release|iPhone.Deploy.0 = Release|iPhone
		{944ACBD1-86D1-47BC-AE47-CC2DFCD27F04}.Release|iPhoneSimulator.ActiveCfg = Release|iPhoneSimulator
		{944ACBD1-86D1-47BC-AE47-CC2DFCD27F04}.Release|iPhoneSimulator.Build.0 = Release|iPhoneSimulator
		{944ACBD1-86D1-47BC-AE47-CC2DFCD27F04}.Release|iPhoneSimulator.Deploy.0 = Release|iPhoneSimulator
		{A59BBF94-6093-4C1E-878D-1BD7E8246124}.Ad-Hoc|Any CPU.ActiveCfg = Debug|Any CPU
		{A59BBF94-6093-4C1E-878D-1BD7E8246124}.Ad-Hoc|Any CPU.Build.0 = Debug|Any CPU
		{A59BBF94-6093-4C1E-878D-1BD7E8246124}.Ad-Hoc|Any CPU.Deploy.0 = Debug|Any CPU
		{A59BBF94-6093-4C1E-878D-1BD7E8246124}.Ad-Hoc|iPhone.ActiveCfg = Debug|Any CPU
		{A59BBF94-6093-4C1E-878D-1BD7E8246124}.Ad-Hoc|iPhone.Build.0 = Debug|Any CPU
		{A59BBF94-6093-4C1E-878D-1BD7E8246124}.Ad-Hoc|iPhone.Deploy.0 = Debug|Any CPU
		{A59BBF94-6093-4C1E-878D-1BD7E8246124}.Ad-Hoc|iPhoneSimulator.ActiveCfg = Debug|Any CPU
		{A59BBF94-6093-4C1E-878D-1BD7E8246124}.Ad-Hoc|iPhoneSimulator.Build.0 = Debug|Any CPU
		{A59BBF94-6093-4C1E-878D-1BD7E8246124}.Ad-Hoc|iPhoneSimulator.Deploy.0 = Debug|Any CPU
		{A59BBF94-6093-4C1E-878D-1BD7E8246124}.AppStore|Any CPU.ActiveCfg = Debug|Any CPU
		{A59BBF94-6093-4C1E-878D-1BD7E8246124}.AppStore|Any CPU.Build.0 = Debug|Any CPU
		{A59BBF94-6093-4C1E-878D-1BD7E8246124}.AppStore|Any CPU.Deploy.0 = Debug|Any CPU
		{A59BBF94-6093-4C1E-878D-1BD7E8246124}.AppStore|iPhone.ActiveCfg = Debug|Any CPU
		{A59BBF94-6093-4C1E-878D-1BD7E8246124}.AppStore|iPhone.Build.0 = Debug|Any CPU
		{A59BBF94-6093-4C1E-878D-1BD7E8246124}.AppStore|iPhone.Deploy.0 = Debug|Any CPU
		{A59BBF94-6093-4C1E-878D-1BD7E8246124}.AppStore|iPhoneSimulator.ActiveCfg = Debug|Any CPU
		{A59BBF94-6093-4C1E-878D-1BD7E8246124}.AppStore|iPhoneSimulator.Build.0 = Debug|Any CPU
		{A59BBF94-6093-4C1E-878D-1BD7E8246124}.AppStore|iPhoneSimulator.Deploy.0 = Debug|Any CPU
		{A59BBF94-6093-4C1E-878D-1BD7E8246124}.Debug|Any CPU.ActiveCfg = Debug|Any CPU
		{A59BBF94-6093-4C1E-878D-1BD7E8246124}.Debug|Any CPU.Build.0 = Debug|Any CPU
		{A59BBF94-6093-4C1E-878D-1BD7E8246124}.Debug|Any CPU.Deploy.0 = Debug|Any CPU
		{A59BBF94-6093-4C1E-878D-1BD7E8246124}.Debug|iPhone.ActiveCfg = Debug|Any CPU
		{A59BBF94-6093-4C1E-878D-1BD7E8246124}.Debug|iPhone.Build.0 = Debug|Any CPU
		{A59BBF94-6093-4C1E-878D-1BD7E8246124}.Debug|iPhone.Deploy.0 = Debug|Any CPU
		{A59BBF94-6093-4C1E-878D-1BD7E8246124}.Debug|iPhoneSimulator.ActiveCfg = Debug|Any CPU
		{A59BBF94-6093-4C1E-878D-1BD7E8246124}.Debug|iPhoneSimulator.Build.0 = Debug|Any CPU
		{A59BBF94-6093-4C1E-878D-1BD7E8246124}.Debug|iPhoneSimulator.Deploy.0 = Debug|Any CPU
		{A59BBF94-6093-4C1E-878D-1BD7E8246124}.Release|Any CPU.ActiveCfg = Release|Any CPU
		{A59BBF94-6093-4C1E-878D-1BD7E8246124}.Release|Any CPU.Build.0 = Release|Any CPU
		{A59BBF94-6093-4C1E-878D-1BD7E8246124}.Release|Any CPU.Deploy.0 = Release|Any CPU
		{A59BBF94-6093-4C1E-878D-1BD7E8246124}.Release|iPhone.ActiveCfg = Release|Any CPU
		{A59BBF94-6093-4C1E-878D-1BD7E8246124}.Release|iPhone.Build.0 = Release|Any CPU
		{A59BBF94-6093-4C1E-878D-1BD7E8246124}.Release|iPhone.Deploy.0 = Release|Any CPU
		{A59BBF94-6093-4C1E-878D-1BD7E8246124}.Release|iPhoneSimulator.ActiveCfg = Release|Any CPU
		{A59BBF94-6093-4C1E-878D-1BD7E8246124}.Release|iPhoneSimulator.Build.0 = Release|Any CPU
		{A59BBF94-6093-4C1E-878D-1BD7E8246124}.Release|iPhoneSimulator.Deploy.0 = Release|Any CPU
		{D8E0C638-EC4D-4840-9192-A5ED38ECAFC5}.Ad-Hoc|Any CPU.ActiveCfg = Debug|Any CPU
		{D8E0C638-EC4D-4840-9192-A5ED38ECAFC5}.Ad-Hoc|Any CPU.Build.0 = Debug|Any CPU
		{D8E0C638-EC4D-4840-9192-A5ED38ECAFC5}.Ad-Hoc|iPhone.ActiveCfg = Debug|Any CPU
		{D8E0C638-EC4D-4840-9192-A5ED38ECAFC5}.Ad-Hoc|iPhone.Build.0 = Debug|Any CPU
		{D8E0C638-EC4D-4840-9192-A5ED38ECAFC5}.Ad-Hoc|iPhoneSimulator.ActiveCfg = Debug|Any CPU
		{D8E0C638-EC4D-4840-9192-A5ED38ECAFC5}.Ad-Hoc|iPhoneSimulator.Build.0 = Debug|Any CPU
		{D8E0C638-EC4D-4840-9192-A5ED38ECAFC5}.AppStore|Any CPU.ActiveCfg = Debug|Any CPU
		{D8E0C638-EC4D-4840-9192-A5ED38ECAFC5}.AppStore|Any CPU.Build.0 = Debug|Any CPU
		{D8E0C638-EC4D-4840-9192-A5ED38ECAFC5}.AppStore|iPhone.ActiveCfg = Debug|Any CPU
		{D8E0C638-EC4D-4840-9192-A5ED38ECAFC5}.AppStore|iPhone.Build.0 = Debug|Any CPU
		{D8E0C638-EC4D-4840-9192-A5ED38ECAFC5}.AppStore|iPhoneSimulator.ActiveCfg = Debug|Any CPU
		{D8E0C638-EC4D-4840-9192-A5ED38ECAFC5}.AppStore|iPhoneSimulator.Build.0 = Debug|Any CPU
		{D8E0C638-EC4D-4840-9192-A5ED38ECAFC5}.Debug|Any CPU.ActiveCfg = Debug|Any CPU
		{D8E0C638-EC4D-4840-9192-A5ED38ECAFC5}.Debug|Any CPU.Build.0 = Debug|Any CPU
		{D8E0C638-EC4D-4840-9192-A5ED38ECAFC5}.Debug|iPhone.ActiveCfg = Debug|Any CPU
		{D8E0C638-EC4D-4840-9192-A5ED38ECAFC5}.Debug|iPhone.Build.0 = Debug|Any CPU
		{D8E0C638-EC4D-4840-9192-A5ED38ECAFC5}.Debug|iPhoneSimulator.ActiveCfg = Debug|Any CPU
		{D8E0C638-EC4D-4840-9192-A5ED38ECAFC5}.Debug|iPhoneSimulator.Build.0 = Debug|Any CPU
		{D8E0C638-EC4D-4840-9192-A5ED38ECAFC5}.Release|Any CPU.ActiveCfg = Release|Any CPU
		{D8E0C638-EC4D-4840-9192-A5ED38ECAFC5}.Release|Any CPU.Build.0 = Release|Any CPU
		{D8E0C638-EC4D-4840-9192-A5ED38ECAFC5}.Release|iPhone.ActiveCfg = Release|Any CPU
		{D8E0C638-EC4D-4840-9192-A5ED38ECAFC5}.Release|iPhone.Build.0 = Release|Any CPU
		{D8E0C638-EC4D-4840-9192-A5ED38ECAFC5}.Release|iPhoneSimulator.ActiveCfg = Release|Any CPU
		{D8E0C638-EC4D-4840-9192-A5ED38ECAFC5}.Release|iPhoneSimulator.Build.0 = Release|Any CPU
		{E2F6609E-F08C-48DA-B3B2-D84D6E1F096B}.Ad-Hoc|Any CPU.ActiveCfg = Debug|Any CPU
		{E2F6609E-F08C-48DA-B3B2-D84D6E1F096B}.Ad-Hoc|Any CPU.Build.0 = Debug|Any CPU
		{E2F6609E-F08C-48DA-B3B2-D84D6E1F096B}.Ad-Hoc|iPhone.ActiveCfg = Debug|Any CPU
		{E2F6609E-F08C-48DA-B3B2-D84D6E1F096B}.Ad-Hoc|iPhone.Build.0 = Debug|Any CPU
		{E2F6609E-F08C-48DA-B3B2-D84D6E1F096B}.Ad-Hoc|iPhoneSimulator.ActiveCfg = Debug|Any CPU
		{E2F6609E-F08C-48DA-B3B2-D84D6E1F096B}.Ad-Hoc|iPhoneSimulator.Build.0 = Debug|Any CPU
		{E2F6609E-F08C-48DA-B3B2-D84D6E1F096B}.AppStore|Any CPU.ActiveCfg = Debug|Any CPU
		{E2F6609E-F08C-48DA-B3B2-D84D6E1F096B}.AppStore|Any CPU.Build.0 = Debug|Any CPU
		{E2F6609E-F08C-48DA-B3B2-D84D6E1F096B}.AppStore|iPhone.ActiveCfg = Debug|Any CPU
		{E2F6609E-F08C-48DA-B3B2-D84D6E1F096B}.AppStore|iPhone.Build.0 = Debug|Any CPU
		{E2F6609E-F08C-48DA-B3B2-D84D6E1F096B}.AppStore|iPhoneSimulator.ActiveCfg = Debug|Any CPU
		{E2F6609E-F08C-48DA-B3B2-D84D6E1F096B}.AppStore|iPhoneSimulator.Build.0 = Debug|Any CPU
		{E2F6609E-F08C-48DA-B3B2-D84D6E1F096B}.Debug|Any CPU.ActiveCfg = Debug|Any CPU
		{E2F6609E-F08C-48DA-B3B2-D84D6E1F096B}.Debug|Any CPU.Build.0 = Debug|Any CPU
		{E2F6609E-F08C-48DA-B3B2-D84D6E1F096B}.Debug|iPhone.ActiveCfg = Debug|Any CPU
		{E2F6609E-F08C-48DA-B3B2-D84D6E1F096B}.Debug|iPhone.Build.0 = Debug|Any CPU
		{E2F6609E-F08C-48DA-B3B2-D84D6E1F096B}.Debug|iPhoneSimulator.ActiveCfg = Debug|Any CPU
		{E2F6609E-F08C-48DA-B3B2-D84D6E1F096B}.Debug|iPhoneSimulator.Build.0 = Debug|Any CPU
		{E2F6609E-F08C-48DA-B3B2-D84D6E1F096B}.Release|Any CPU.ActiveCfg = Release|Any CPU
		{E2F6609E-F08C-48DA-B3B2-D84D6E1F096B}.Release|Any CPU.Build.0 = Release|Any CPU
		{E2F6609E-F08C-48DA-B3B2-D84D6E1F096B}.Release|iPhone.ActiveCfg = Release|Any CPU
		{E2F6609E-F08C-48DA-B3B2-D84D6E1F096B}.Release|iPhone.Build.0 = Release|Any CPU
		{E2F6609E-F08C-48DA-B3B2-D84D6E1F096B}.Release|iPhoneSimulator.ActiveCfg = Release|Any CPU
		{E2F6609E-F08C-48DA-B3B2-D84D6E1F096B}.Release|iPhoneSimulator.Build.0 = Release|Any CPU
	EndGlobalSection
	GlobalSection(SolutionProperties) = preSolution
		HideSolutionNode = FALSE
	EndGlobalSection
	GlobalSection(ExtensibilityGlobals) = postSolution
		SolutionGuid = {3B66DDD9-B480-4F3E-ACC2-95577E139CEE}
	EndGlobalSection
EndGlobal
